// !$*UTF8*$!
{
	archiveVersion = 1;
	classes = {
	};
	objectVersion = 52;
	objects = {

/* Begin PBXBuildFile section */
		3432BC802576844800005E7D /* Algorithms in Frameworks */ = {isa = PBXBuildFile; productRef = 3432BC7F2576844800005E7D /* Algorithms */; };
		3432BC892576B96F00005E7D /* main.swift in Sources */ = {isa = PBXBuildFile; fileRef = 3432BC882576B96F00005E7D /* main.swift */; };
		3432BC992577CF7F00005E7D /* PasswordPolicy.swift in Sources */ = {isa = PBXBuildFile; fileRef = 3432BC982577CF7F00005E7D /* PasswordPolicy.swift */; };
		3432BC9E2577D1A100005E7D /* AdventOfCodeUtilities in Frameworks */ = {isa = PBXBuildFile; productRef = 3432BC9D2577D1A100005E7D /* AdventOfCodeUtilities */; };
		3432BCAA25784A9400005E7D /* main.swift in Sources */ = {isa = PBXBuildFile; fileRef = 3432BCA925784A9400005E7D /* main.swift */; };
		3432BCB225784AA600005E7D /* AdventOfCodeUtilities in Frameworks */ = {isa = PBXBuildFile; productRef = 3432BCB125784AA600005E7D /* AdventOfCodeUtilities */; };
		3432BCC32579122C00005E7D /* Grid.swift in Sources */ = {isa = PBXBuildFile; fileRef = 3432BCC22579122C00005E7D /* Grid.swift */; };
		3432BCCB2579138500005E7D /* Algorithms in Frameworks */ = {isa = PBXBuildFile; productRef = 3432BCCA2579138500005E7D /* Algorithms */; };
		3432BCD6257A646600005E7D /* main.swift in Sources */ = {isa = PBXBuildFile; fileRef = 3432BCD5257A646600005E7D /* main.swift */; };
		3432BCDF257A646D00005E7D /* AdventOfCodeUtilities in Frameworks */ = {isa = PBXBuildFile; productRef = 3432BCDE257A646D00005E7D /* AdventOfCodeUtilities */; };
		3432BCEA257A654000005E7D /* Passport.swift in Sources */ = {isa = PBXBuildFile; fileRef = 3432BCE9257A654000005E7D /* Passport.swift */; };
		3486A1A625708B080040D96E /* main.swift in Sources */ = {isa = PBXBuildFile; fileRef = 3486A1A525708B080040D96E /* main.swift */; };
		3486A1AE25708BA00040D96E /* AdventOfCodeUtilities in Frameworks */ = {isa = PBXBuildFile; productRef = 3486A1AD25708BA00040D96E /* AdventOfCodeUtilities */; };
/* End PBXBuildFile section */

/* Begin PBXCopyFilesBuildPhase section */
		3432BC842576B96F00005E7D /* CopyFiles */ = {
			isa = PBXCopyFilesBuildPhase;
			buildActionMask = 2147483647;
			dstPath = /usr/share/man/man1/;
			dstSubfolderSpec = 0;
			files = (
			);
			runOnlyForDeploymentPostprocessing = 1;
		};
		3432BCA525784A9400005E7D /* CopyFiles */ = {
			isa = PBXCopyFilesBuildPhase;
			buildActionMask = 2147483647;
			dstPath = /usr/share/man/man1/;
			dstSubfolderSpec = 0;
			files = (
			);
			runOnlyForDeploymentPostprocessing = 1;
		};
		3432BCD1257A646600005E7D /* CopyFiles */ = {
			isa = PBXCopyFilesBuildPhase;
			buildActionMask = 2147483647;
			dstPath = /usr/share/man/man1/;
			dstSubfolderSpec = 0;
			files = (
			);
			runOnlyForDeploymentPostprocessing = 1;
		};
		3486A1A125708B080040D96E /* CopyFiles */ = {
			isa = PBXCopyFilesBuildPhase;
			buildActionMask = 2147483647;
			dstPath = /usr/share/man/man1/;
			dstSubfolderSpec = 0;
			files = (
			);
			runOnlyForDeploymentPostprocessing = 1;
		};
/* End PBXCopyFilesBuildPhase section */

/* Begin PBXFileReference section */
		3432BC862576B96F00005E7D /* Day2 */ = {isa = PBXFileReference; explicitFileType = "compiled.mach-o.executable"; includeInIndex = 0; path = Day2; sourceTree = BUILT_PRODUCTS_DIR; };
		3432BC882576B96F00005E7D /* main.swift */ = {isa = PBXFileReference; lastKnownFileType = sourcecode.swift; path = main.swift; sourceTree = "<group>"; };
		3432BC8F2576B9A700005E7D /* puzzle_input.txt */ = {isa = PBXFileReference; lastKnownFileType = text; path = puzzle_input.txt; sourceTree = "<group>"; };
		3432BC982577CF7F00005E7D /* PasswordPolicy.swift */ = {isa = PBXFileReference; lastKnownFileType = sourcecode.swift; path = PasswordPolicy.swift; sourceTree = "<group>"; };
		3432BCA725784A9400005E7D /* Day3 */ = {isa = PBXFileReference; explicitFileType = "compiled.mach-o.executable"; includeInIndex = 0; path = Day3; sourceTree = BUILT_PRODUCTS_DIR; };
		3432BCA925784A9400005E7D /* main.swift */ = {isa = PBXFileReference; lastKnownFileType = sourcecode.swift; path = main.swift; sourceTree = "<group>"; };
		3432BCB625784AEE00005E7D /* puzzle_input.txt */ = {isa = PBXFileReference; lastKnownFileType = text; path = puzzle_input.txt; sourceTree = "<group>"; };
		3432BCC22579122C00005E7D /* Grid.swift */ = {isa = PBXFileReference; lastKnownFileType = sourcecode.swift; path = Grid.swift; sourceTree = "<group>"; };
		3432BCD3257A646600005E7D /* Day4 */ = {isa = PBXFileReference; explicitFileType = "compiled.mach-o.executable"; includeInIndex = 0; path = Day4; sourceTree = BUILT_PRODUCTS_DIR; };
		3432BCD5257A646600005E7D /* main.swift */ = {isa = PBXFileReference; lastKnownFileType = sourcecode.swift; path = main.swift; sourceTree = "<group>"; };
		3432BCE4257A649B00005E7D /* puzzle_input.txt */ = {isa = PBXFileReference; lastKnownFileType = text; path = puzzle_input.txt; sourceTree = "<group>"; };
		3432BCE9257A654000005E7D /* Passport.swift */ = {isa = PBXFileReference; lastKnownFileType = sourcecode.swift; path = Passport.swift; sourceTree = "<group>"; };
		3486A1A325708B080040D96E /* Day1 */ = {isa = PBXFileReference; explicitFileType = "compiled.mach-o.executable"; includeInIndex = 0; path = Day1; sourceTree = BUILT_PRODUCTS_DIR; };
		3486A1A525708B080040D96E /* main.swift */ = {isa = PBXFileReference; lastKnownFileType = sourcecode.swift; path = main.swift; sourceTree = "<group>"; };
		3486A1B025708C430040D96E /* puzzle_input.txt */ = {isa = PBXFileReference; lastKnownFileType = text; path = puzzle_input.txt; sourceTree = "<group>"; };
/* End PBXFileReference section */

/* Begin PBXFrameworksBuildPhase section */
		3432BC832576B96F00005E7D /* Frameworks */ = {
			isa = PBXFrameworksBuildPhase;
			buildActionMask = 2147483647;
			files = (
				3432BC9E2577D1A100005E7D /* AdventOfCodeUtilities in Frameworks */,
			);
			runOnlyForDeploymentPostprocessing = 0;
		};
		3432BCA425784A9400005E7D /* Frameworks */ = {
			isa = PBXFrameworksBuildPhase;
			buildActionMask = 2147483647;
			files = (
				3432BCCB2579138500005E7D /* Algorithms in Frameworks */,
				3432BCB225784AA600005E7D /* AdventOfCodeUtilities in Frameworks */,
			);
			runOnlyForDeploymentPostprocessing = 0;
		};
		3432BCD0257A646600005E7D /* Frameworks */ = {
			isa = PBXFrameworksBuildPhase;
			buildActionMask = 2147483647;
			files = (
				3432BCDF257A646D00005E7D /* AdventOfCodeUtilities in Frameworks */,
			);
			runOnlyForDeploymentPostprocessing = 0;
		};
		3486A1A025708B080040D96E /* Frameworks */ = {
			isa = PBXFrameworksBuildPhase;
			buildActionMask = 2147483647;
			files = (
				3432BC802576844800005E7D /* Algorithms in Frameworks */,
				3486A1AE25708BA00040D96E /* AdventOfCodeUtilities in Frameworks */,
			);
			runOnlyForDeploymentPostprocessing = 0;
		};
/* End PBXFrameworksBuildPhase section */

/* Begin PBXGroup section */
		3432BC872576B96F00005E7D /* Day2 */ = {
			isa = PBXGroup;
			children = (
				3432BC882576B96F00005E7D /* main.swift */,
				3432BC8F2576B9A700005E7D /* puzzle_input.txt */,
				3432BC982577CF7F00005E7D /* PasswordPolicy.swift */,
			);
			path = Day2;
			sourceTree = "<group>";
		};
		3432BC9C2577D1A100005E7D /* Frameworks */ = {
			isa = PBXGroup;
			children = (
			);
			name = Frameworks;
			sourceTree = "<group>";
		};
		3432BCA825784A9400005E7D /* Day3 */ = {
			isa = PBXGroup;
			children = (
				3432BCA925784A9400005E7D /* main.swift */,
				3432BCB625784AEE00005E7D /* puzzle_input.txt */,
				3432BCC22579122C00005E7D /* Grid.swift */,
			);
			path = Day3;
			sourceTree = "<group>";
		};
		3432BCD4257A646600005E7D /* Day4 */ = {
			isa = PBXGroup;
			children = (
				3432BCD5257A646600005E7D /* main.swift */,
				3432BCE4257A649B00005E7D /* puzzle_input.txt */,
				3432BCE9257A654000005E7D /* Passport.swift */,
			);
			path = Day4;
			sourceTree = "<group>";
		};
		3486A17E257085A90040D96E = {
			isa = PBXGroup;
			children = (
				3486A1A425708B080040D96E /* Day1 */,
				3432BC872576B96F00005E7D /* Day2 */,
				3432BCA825784A9400005E7D /* Day3 */,
				3432BCD4257A646600005E7D /* Day4 */,
				3486A188257085A90040D96E /* Products */,
				3432BC9C2577D1A100005E7D /* Frameworks */,
			);
			sourceTree = "<group>";
		};
		3486A188257085A90040D96E /* Products */ = {
			isa = PBXGroup;
			children = (
				3486A1A325708B080040D96E /* Day1 */,
				3432BC862576B96F00005E7D /* Day2 */,
				3432BCA725784A9400005E7D /* Day3 */,
				3432BCD3257A646600005E7D /* Day4 */,
			);
			name = Products;
			sourceTree = "<group>";
		};
		3486A1A425708B080040D96E /* Day1 */ = {
			isa = PBXGroup;
			children = (
				3486A1A525708B080040D96E /* main.swift */,
				3486A1B025708C430040D96E /* puzzle_input.txt */,
			);
			path = Day1;
			sourceTree = "<group>";
		};
/* End PBXGroup section */

/* Begin PBXNativeTarget section */
		3432BC852576B96F00005E7D /* Day2 */ = {
			isa = PBXNativeTarget;
			buildConfigurationList = 3432BC8A2576B97000005E7D /* Build configuration list for PBXNativeTarget "Day2" */;
			buildPhases = (
				3432BC822576B96F00005E7D /* Sources */,
				3432BC832576B96F00005E7D /* Frameworks */,
				3432BC842576B96F00005E7D /* CopyFiles */,
			);
			buildRules = (
			);
			dependencies = (
			);
			name = Day2;
			packageProductDependencies = (
				3432BC9D2577D1A100005E7D /* AdventOfCodeUtilities */,
			);
			productName = Day2;
			productReference = 3432BC862576B96F00005E7D /* Day2 */;
			productType = "com.apple.product-type.tool";
		};
		3432BCA625784A9400005E7D /* Day3 */ = {
			isa = PBXNativeTarget;
			buildConfigurationList = 3432BCAB25784A9400005E7D /* Build configuration list for PBXNativeTarget "Day3" */;
			buildPhases = (
				3432BCA325784A9400005E7D /* Sources */,
				3432BCA425784A9400005E7D /* Frameworks */,
				3432BCA525784A9400005E7D /* CopyFiles */,
			);
			buildRules = (
			);
			dependencies = (
			);
			name = Day3;
			packageProductDependencies = (
				3432BCB125784AA600005E7D /* AdventOfCodeUtilities */,
				3432BCCA2579138500005E7D /* Algorithms */,
			);
			productName = Day3;
			productReference = 3432BCA725784A9400005E7D /* Day3 */;
			productType = "com.apple.product-type.tool";
		};
		3432BCD2257A646600005E7D /* Day4 */ = {
			isa = PBXNativeTarget;
			buildConfigurationList = 3432BCD9257A646600005E7D /* Build configuration list for PBXNativeTarget "Day4" */;
			buildPhases = (
				3432BCCF257A646600005E7D /* Sources */,
				3432BCD0257A646600005E7D /* Frameworks */,
				3432BCD1257A646600005E7D /* CopyFiles */,
			);
			buildRules = (
			);
			dependencies = (
			);
			name = Day4;
			packageProductDependencies = (
				3432BCDE257A646D00005E7D /* AdventOfCodeUtilities */,
			);
			productName = Day4;
			productReference = 3432BCD3257A646600005E7D /* Day4 */;
			productType = "com.apple.product-type.tool";
		};
		3486A1A225708B080040D96E /* Day1 */ = {
			isa = PBXNativeTarget;
			buildConfigurationList = 3486A1A725708B080040D96E /* Build configuration list for PBXNativeTarget "Day1" */;
			buildPhases = (
				3486A19F25708B080040D96E /* Sources */,
				3486A1A025708B080040D96E /* Frameworks */,
				3486A1A125708B080040D96E /* CopyFiles */,
			);
			buildRules = (
			);
			dependencies = (
			);
			name = Day1;
			packageProductDependencies = (
				3486A1AD25708BA00040D96E /* AdventOfCodeUtilities */,
				3432BC7F2576844800005E7D /* Algorithms */,
			);
			productName = Day1;
			productReference = 3486A1A325708B080040D96E /* Day1 */;
			productType = "com.apple.product-type.tool";
		};
/* End PBXNativeTarget section */

/* Begin PBXProject section */
		3486A17F257085A90040D96E /* Project object */ = {
			isa = PBXProject;
			attributes = {
				LastSwiftUpdateCheck = 1200;
				LastUpgradeCheck = 1200;
				TargetAttributes = {
					3432BC852576B96F00005E7D = {
						CreatedOnToolsVersion = 12.0.1;
					};
					3432BCA625784A9400005E7D = {
						CreatedOnToolsVersion = 12.0.1;
					};
					3432BCD2257A646600005E7D = {
						CreatedOnToolsVersion = 12.0.1;
					};
					3486A1A225708B080040D96E = {
						CreatedOnToolsVersion = 12.0.1;
					};
				};
			};
			buildConfigurationList = 3486A182257085A90040D96E /* Build configuration list for PBXProject "AdventOfCode2020" */;
			compatibilityVersion = "Xcode 9.3";
			developmentRegion = en;
			hasScannedForEncodings = 0;
			knownRegions = (
				en,
				Base,
			);
			mainGroup = 3486A17E257085A90040D96E;
			packageReferences = (
				3486A1AC25708BA00040D96E /* XCRemoteSwiftPackageReference "AdventOfCodeUtilities" */,
				3432BC7E2576844800005E7D /* XCRemoteSwiftPackageReference "swift-algorithms" */,
			);
			productRefGroup = 3486A188257085A90040D96E /* Products */;
			projectDirPath = "";
			projectRoot = "";
			targets = (
				3486A1A225708B080040D96E /* Day1 */,
				3432BC852576B96F00005E7D /* Day2 */,
				3432BCA625784A9400005E7D /* Day3 */,
				3432BCD2257A646600005E7D /* Day4 */,
			);
		};
/* End PBXProject section */

/* Begin PBXSourcesBuildPhase section */
		3432BC822576B96F00005E7D /* Sources */ = {
			isa = PBXSourcesBuildPhase;
			buildActionMask = 2147483647;
			files = (
				3432BC892576B96F00005E7D /* main.swift in Sources */,
				3432BC992577CF7F00005E7D /* PasswordPolicy.swift in Sources */,
			);
			runOnlyForDeploymentPostprocessing = 0;
		};
		3432BCA325784A9400005E7D /* Sources */ = {
			isa = PBXSourcesBuildPhase;
			buildActionMask = 2147483647;
			files = (
				3432BCC32579122C00005E7D /* Grid.swift in Sources */,
				3432BCAA25784A9400005E7D /* main.swift in Sources */,
			);
			runOnlyForDeploymentPostprocessing = 0;
		};
		3432BCCF257A646600005E7D /* Sources */ = {
			isa = PBXSourcesBuildPhase;
			buildActionMask = 2147483647;
			files = (
				3432BCD6257A646600005E7D /* main.swift in Sources */,
				3432BCEA257A654000005E7D /* Passport.swift in Sources */,
			);
			runOnlyForDeploymentPostprocessing = 0;
		};
		3486A19F25708B080040D96E /* Sources */ = {
			isa = PBXSourcesBuildPhase;
			buildActionMask = 2147483647;
			files = (
				3486A1A625708B080040D96E /* main.swift in Sources */,
			);
			runOnlyForDeploymentPostprocessing = 0;
		};
/* End PBXSourcesBuildPhase section */

/* Begin XCBuildConfiguration section */
		3432BC8B2576B97000005E7D /* Debug */ = {
			isa = XCBuildConfiguration;
			buildSettings = {
				CODE_SIGN_STYLE = Automatic;
				PRODUCT_NAME = "$(TARGET_NAME)";
				SWIFT_VERSION = 5.0;
			};
			name = Debug;
		};
		3432BC8C2576B97000005E7D /* Release */ = {
			isa = XCBuildConfiguration;
			buildSettings = {
				CODE_SIGN_STYLE = Automatic;
				PRODUCT_NAME = "$(TARGET_NAME)";
				SWIFT_VERSION = 5.0;
			};
			name = Release;
		};
		3432BCAC25784A9400005E7D /* Debug */ = {
			isa = XCBuildConfiguration;
			buildSettings = {
				CODE_SIGN_STYLE = Automatic;
				PRODUCT_NAME = "$(TARGET_NAME)";
				SWIFT_VERSION = 5.0;
			};
			name = Debug;
		};
		3432BCAD25784A9400005E7D /* Release */ = {
			isa = XCBuildConfiguration;
			buildSettings = {
				CODE_SIGN_STYLE = Automatic;
				PRODUCT_NAME = "$(TARGET_NAME)";
				SWIFT_VERSION = 5.0;
			};
			name = Release;
		};
		3432BCD7257A646600005E7D /* Debug */ = {
			isa = XCBuildConfiguration;
			buildSettings = {
				CODE_SIGN_STYLE = Automatic;
				PRODUCT_NAME = "$(TARGET_NAME)";
				SWIFT_VERSION = 5.0;
			};
			name = Debug;
		};
		3432BCD8257A646600005E7D /* Release */ = {
			isa = XCBuildConfiguration;
			buildSettings = {
				CODE_SIGN_STYLE = Automatic;
				PRODUCT_NAME = "$(TARGET_NAME)";
				SWIFT_VERSION = 5.0;
			};
			name = Release;
		};
		3486A18C257085A90040D96E /* Debug */ = {
			isa = XCBuildConfiguration;
			buildSettings = {
				ALWAYS_SEARCH_USER_PATHS = NO;
				CLANG_ANALYZER_NONNULL = YES;
				CLANG_ANALYZER_NUMBER_OBJECT_CONVERSION = YES_AGGRESSIVE;
				CLANG_CXX_LANGUAGE_STANDARD = "gnu++14";
				CLANG_CXX_LIBRARY = "libc++";
				CLANG_ENABLE_MODULES = YES;
				CLANG_ENABLE_OBJC_ARC = YES;
				CLANG_ENABLE_OBJC_WEAK = YES;
				CLANG_WARN_BLOCK_CAPTURE_AUTORELEASING = YES;
				CLANG_WARN_BOOL_CONVERSION = YES;
				CLANG_WARN_COMMA = YES;
				CLANG_WARN_CONSTANT_CONVERSION = YES;
				CLANG_WARN_DEPRECATED_OBJC_IMPLEMENTATIONS = YES;
				CLANG_WARN_DIRECT_OBJC_ISA_USAGE = YES_ERROR;
				CLANG_WARN_DOCUMENTATION_COMMENTS = YES;
				CLANG_WARN_EMPTY_BODY = YES;
				CLANG_WARN_ENUM_CONVERSION = YES;
				CLANG_WARN_INFINITE_RECURSION = YES;
				CLANG_WARN_INT_CONVERSION = YES;
				CLANG_WARN_NON_LITERAL_NULL_CONVERSION = YES;
				CLANG_WARN_OBJC_IMPLICIT_RETAIN_SELF = YES;
				CLANG_WARN_OBJC_LITERAL_CONVERSION = YES;
				CLANG_WARN_OBJC_ROOT_CLASS = YES_ERROR;
				CLANG_WARN_QUOTED_INCLUDE_IN_FRAMEWORK_HEADER = YES;
				CLANG_WARN_RANGE_LOOP_ANALYSIS = YES;
				CLANG_WARN_STRICT_PROTOTYPES = YES;
				CLANG_WARN_SUSPICIOUS_MOVE = YES;
				CLANG_WARN_UNGUARDED_AVAILABILITY = YES_AGGRESSIVE;
				CLANG_WARN_UNREACHABLE_CODE = YES;
				CLANG_WARN__DUPLICATE_METHOD_MATCH = YES;
				COPY_PHASE_STRIP = NO;
				DEBUG_INFORMATION_FORMAT = dwarf;
				ENABLE_STRICT_OBJC_MSGSEND = YES;
				ENABLE_TESTABILITY = YES;
				GCC_C_LANGUAGE_STANDARD = gnu11;
				GCC_DYNAMIC_NO_PIC = NO;
				GCC_NO_COMMON_BLOCKS = YES;
				GCC_OPTIMIZATION_LEVEL = 0;
				GCC_PREPROCESSOR_DEFINITIONS = (
					"DEBUG=1",
					"$(inherited)",
				);
				GCC_WARN_64_TO_32_BIT_CONVERSION = YES;
				GCC_WARN_ABOUT_RETURN_TYPE = YES_ERROR;
				GCC_WARN_UNDECLARED_SELECTOR = YES;
				GCC_WARN_UNINITIALIZED_AUTOS = YES_AGGRESSIVE;
				GCC_WARN_UNUSED_FUNCTION = YES;
				GCC_WARN_UNUSED_VARIABLE = YES;
				MACOSX_DEPLOYMENT_TARGET = 10.15;
				MTL_ENABLE_DEBUG_INFO = INCLUDE_SOURCE;
				MTL_FAST_MATH = YES;
				ONLY_ACTIVE_ARCH = YES;
				SDKROOT = macosx;
				SWIFT_ACTIVE_COMPILATION_CONDITIONS = DEBUG;
				SWIFT_OPTIMIZATION_LEVEL = "-Onone";
			};
			name = Debug;
		};
		3486A18D257085A90040D96E /* Release */ = {
			isa = XCBuildConfiguration;
			buildSettings = {
				ALWAYS_SEARCH_USER_PATHS = NO;
				CLANG_ANALYZER_NONNULL = YES;
				CLANG_ANALYZER_NUMBER_OBJECT_CONVERSION = YES_AGGRESSIVE;
				CLANG_CXX_LANGUAGE_STANDARD = "gnu++14";
				CLANG_CXX_LIBRARY = "libc++";
				CLANG_ENABLE_MODULES = YES;
				CLANG_ENABLE_OBJC_ARC = YES;
				CLANG_ENABLE_OBJC_WEAK = YES;
				CLANG_WARN_BLOCK_CAPTURE_AUTORELEASING = YES;
				CLANG_WARN_BOOL_CONVERSION = YES;
				CLANG_WARN_COMMA = YES;
				CLANG_WARN_CONSTANT_CONVERSION = YES;
				CLANG_WARN_DEPRECATED_OBJC_IMPLEMENTATIONS = YES;
				CLANG_WARN_DIRECT_OBJC_ISA_USAGE = YES_ERROR;
				CLANG_WARN_DOCUMENTATION_COMMENTS = YES;
				CLANG_WARN_EMPTY_BODY = YES;
				CLANG_WARN_ENUM_CONVERSION = YES;
				CLANG_WARN_INFINITE_RECURSION = YES;
				CLANG_WARN_INT_CONVERSION = YES;
				CLANG_WARN_NON_LITERAL_NULL_CONVERSION = YES;
				CLANG_WARN_OBJC_IMPLICIT_RETAIN_SELF = YES;
				CLANG_WARN_OBJC_LITERAL_CONVERSION = YES;
				CLANG_WARN_OBJC_ROOT_CLASS = YES_ERROR;
				CLANG_WARN_QUOTED_INCLUDE_IN_FRAMEWORK_HEADER = YES;
				CLANG_WARN_RANGE_LOOP_ANALYSIS = YES;
				CLANG_WARN_STRICT_PROTOTYPES = YES;
				CLANG_WARN_SUSPICIOUS_MOVE = YES;
				CLANG_WARN_UNGUARDED_AVAILABILITY = YES_AGGRESSIVE;
				CLANG_WARN_UNREACHABLE_CODE = YES;
				CLANG_WARN__DUPLICATE_METHOD_MATCH = YES;
				COPY_PHASE_STRIP = NO;
				DEBUG_INFORMATION_FORMAT = "dwarf-with-dsym";
				ENABLE_NS_ASSERTIONS = NO;
				ENABLE_STRICT_OBJC_MSGSEND = YES;
				GCC_C_LANGUAGE_STANDARD = gnu11;
				GCC_NO_COMMON_BLOCKS = YES;
				GCC_WARN_64_TO_32_BIT_CONVERSION = YES;
				GCC_WARN_ABOUT_RETURN_TYPE = YES_ERROR;
				GCC_WARN_UNDECLARED_SELECTOR = YES;
				GCC_WARN_UNINITIALIZED_AUTOS = YES_AGGRESSIVE;
				GCC_WARN_UNUSED_FUNCTION = YES;
				GCC_WARN_UNUSED_VARIABLE = YES;
				MACOSX_DEPLOYMENT_TARGET = 10.15;
				MTL_ENABLE_DEBUG_INFO = NO;
				MTL_FAST_MATH = YES;
				SDKROOT = macosx;
				SWIFT_COMPILATION_MODE = wholemodule;
				SWIFT_OPTIMIZATION_LEVEL = "-O";
			};
			name = Release;
		};
		3486A1A825708B080040D96E /* Debug */ = {
			isa = XCBuildConfiguration;
			buildSettings = {
				CODE_SIGN_STYLE = Automatic;
				PRODUCT_NAME = "$(TARGET_NAME)";
				SWIFT_VERSION = 5.0;
			};
			name = Debug;
		};
		3486A1A925708B080040D96E /* Release */ = {
			isa = XCBuildConfiguration;
			buildSettings = {
				CODE_SIGN_STYLE = Automatic;
				PRODUCT_NAME = "$(TARGET_NAME)";
				SWIFT_VERSION = 5.0;
			};
			name = Release;
		};
/* End XCBuildConfiguration section */

/* Begin XCConfigurationList section */
		3432BC8A2576B97000005E7D /* Build configuration list for PBXNativeTarget "Day2" */ = {
			isa = XCConfigurationList;
			buildConfigurations = (
				3432BC8B2576B97000005E7D /* Debug */,
				3432BC8C2576B97000005E7D /* Release */,
			);
			defaultConfigurationIsVisible = 0;
			defaultConfigurationName = Release;
		};
		3432BCAB25784A9400005E7D /* Build configuration list for PBXNativeTarget "Day3" */ = {
			isa = XCConfigurationList;
			buildConfigurations = (
				3432BCAC25784A9400005E7D /* Debug */,
				3432BCAD25784A9400005E7D /* Release */,
			);
			defaultConfigurationIsVisible = 0;
			defaultConfigurationName = Release;
		};
		3432BCD9257A646600005E7D /* Build configuration list for PBXNativeTarget "Day4" */ = {
			isa = XCConfigurationList;
			buildConfigurations = (
				3432BCD7257A646600005E7D /* Debug */,
				3432BCD8257A646600005E7D /* Release */,
			);
			defaultConfigurationIsVisible = 0;
			defaultConfigurationName = Release;
		};
		3486A182257085A90040D96E /* Build configuration list for PBXProject "AdventOfCode2020" */ = {
			isa = XCConfigurationList;
			buildConfigurations = (
				3486A18C257085A90040D96E /* Debug */,
				3486A18D257085A90040D96E /* Release */,
			);
			defaultConfigurationIsVisible = 0;
			defaultConfigurationName = Release;
		};
		3486A1A725708B080040D96E /* Build configuration list for PBXNativeTarget "Day1" */ = {
			isa = XCConfigurationList;
			buildConfigurations = (
				3486A1A825708B080040D96E /* Debug */,
				3486A1A925708B080040D96E /* Release */,
			);
			defaultConfigurationIsVisible = 0;
			defaultConfigurationName = Release;
		};
/* End XCConfigurationList section */

/* Begin XCRemoteSwiftPackageReference section */
		3432BC7E2576844800005E7D /* XCRemoteSwiftPackageReference "swift-algorithms" */ = {
			isa = XCRemoteSwiftPackageReference;
			repositoryURL = "https://github.com/apple/swift-algorithms";
			requirement = {
				kind = upToNextMinorVersion;
				minimumVersion = 0.0.1;
			};
		};
		3486A1AC25708BA00040D96E /* XCRemoteSwiftPackageReference "AdventOfCodeUtilities" */ = {
			isa = XCRemoteSwiftPackageReference;
			repositoryURL = "https://github.com/OffTheMark/AdventOfCodeUtilities.git";
			requirement = {
				branch = master;
				kind = branch;
			};
		};
/* End XCRemoteSwiftPackageReference section */

/* Begin XCSwiftPackageProductDependency section */
		3432BC7F2576844800005E7D /* Algorithms */ = {
			isa = XCSwiftPackageProductDependency;
			package = 3432BC7E2576844800005E7D /* XCRemoteSwiftPackageReference "swift-algorithms" */;
			productName = Algorithms;
		};
		3432BC9D2577D1A100005E7D /* AdventOfCodeUtilities */ = {
			isa = XCSwiftPackageProductDependency;
			package = 3486A1AC25708BA00040D96E /* XCRemoteSwiftPackageReference "AdventOfCodeUtilities" */;
			productName = AdventOfCodeUtilities;
		};
		3432BCB125784AA600005E7D /* AdventOfCodeUtilities */ = {
			isa = XCSwiftPackageProductDependency;
			package = 3486A1AC25708BA00040D96E /* XCRemoteSwiftPackageReference "AdventOfCodeUtilities" */;
			productName = AdventOfCodeUtilities;
		};
		3432BCCA2579138500005E7D /* Algorithms */ = {
			isa = XCSwiftPackageProductDependency;
			package = 3432BC7E2576844800005E7D /* XCRemoteSwiftPackageReference "swift-algorithms" */;
			productName = Algorithms;
		};
		3432BCDE257A646D00005E7D /* AdventOfCodeUtilities */ = {
			isa = XCSwiftPackageProductDependency;
			package = 3486A1AC25708BA00040D96E /* XCRemoteSwiftPackageReference "AdventOfCodeUtilities" */;
			productName = AdventOfCodeUtilities;
		};
		3486A1AD25708BA00040D96E /* AdventOfCodeUtilities */ = {
			isa = XCSwiftPackageProductDependency;
			package = 3486A1AC25708BA00040D96E /* XCRemoteSwiftPackageReference "AdventOfCodeUtilities" */;
			productName = AdventOfCodeUtilities;
		};
/* End XCSwiftPackageProductDependency section */
	};
	rootObject = 3486A17F257085A90040D96E /* Project object */;
}
